{
  "name": "vertx-graphql-example",
  "version": "1.0.0",
  "lockfileVersion": 1,
  "requires": true,
  "dependencies": {
    "@vertx/auth-common": {
      "version": "3.5.3",
      "resolved": "https://registry.npmjs.org/@vertx/auth-common/-/auth-common-3.5.3.tgz",
      "integrity": "sha512-Fn3kP0VLHX5Yjw9XhDDNULAF8mCOGnLWUO9AR1wOuhIB7vslcYmxQ+YjBdB7gDIcQq4U8OUWjbgYrGBi4whHuw==",
      "requires": {
        "@vertx/core": "3.5.3"
      },
      "dependencies": {
        "@vertx/core": {
          "version": "3.5.3",
          "resolved": "https://registry.npmjs.org/@vertx/core/-/core-3.5.3.tgz",
          "integrity": "sha512-aNZ7Wdf9RfDaPGerpt0tzrL9zaxAtjwAALm6wx4kPcw3atkrjfaBd2DvuqfxOVTFf6I5wVYCKPM1WaY96cheAg=="
        }
      }
    },
    "@vertx/core": {
      "version": "3.5.4",
      "resolved": "https://registry.npmjs.org/@vertx/core/-/core-3.5.4.tgz",
      "integrity": "sha512-56zpUSR3hpe3DM+rVeR6kxuZ4YEeQzjw/rTRf04B2jXa9TZQXm6cEM6O8SK9eXI8AwmSJTvpZlymeGp6jP/PrQ=="
    },
    "@vertx/unit": {
      "version": "3.5.4",
      "resolved": "https://registry.npmjs.org/@vertx/unit/-/unit-3.5.4.tgz",
      "integrity": "sha512-MqE2YcFclWcRfhWZhd0vCHjUsmvca23MprtEMXyLuTpN9Vf/dToLTsbFR1kDEKL6OIl2BEXxnJLlvSX9XJOu7w==",
      "dev": true,
      "requires": {
        "@vertx/core": "3.5.3"
      },
      "dependencies": {
        "@vertx/core": {
          "version": "3.5.3",
          "resolved": "https://registry.npmjs.org/@vertx/core/-/core-3.5.3.tgz",
          "integrity": "sha512-aNZ7Wdf9RfDaPGerpt0tzrL9zaxAtjwAALm6wx4kPcw3atkrjfaBd2DvuqfxOVTFf6I5wVYCKPM1WaY96cheAg==",
          "dev": true
        }
      }
    },
    "@vertx/web": {
      "version": "3.5.4",
      "resolved": "https://registry.npmjs.org/@vertx/web/-/web-3.5.4.tgz",
      "integrity": "sha512-DIXAYydlbj0zEyyvaTuru1axUkKbp+quNR5IikmcJ/0ypla0+WFQZT/toUEBcIXOsTDM+RrdBLFFl73Pxs0AEQ==",
      "requires": {
        "@vertx/auth-common": "3.5.3",
        "@vertx/core": "3.5.3",
        "@vertx/web-common": "3.5.3"
      },
      "dependencies": {
        "@vertx/core": {
          "version": "3.5.3",
          "resolved": "https://registry.npmjs.org/@vertx/core/-/core-3.5.3.tgz",
          "integrity": "sha512-aNZ7Wdf9RfDaPGerpt0tzrL9zaxAtjwAALm6wx4kPcw3atkrjfaBd2DvuqfxOVTFf6I5wVYCKPM1WaY96cheAg=="
        }
      }
    },
    "@vertx/web-common": {
      "version": "3.5.3",
      "resolved": "https://registry.npmjs.org/@vertx/web-common/-/web-common-3.5.3.tgz",
      "integrity": "sha512-g3w62PCv/DjGDq8ITib02sP9yTc4KFdY78M5dG1k842Qb0/z7hbtYo6N4hGn8x0HT9tGkfin+hZptO2sV8DxxQ==",
      "requires": {
        "@vertx/core": "3.5.3"
      },
      "dependencies": {
        "@vertx/core": {
          "version": "3.5.3",
          "resolved": "https://registry.npmjs.org/@vertx/core/-/core-3.5.3.tgz",
          "integrity": "sha512-aNZ7Wdf9RfDaPGerpt0tzrL9zaxAtjwAALm6wx4kPcw3atkrjfaBd2DvuqfxOVTFf6I5wVYCKPM1WaY96cheAg=="
        }
      }
    },
    "ansi-colors": {
      "version": "3.2.1",
      "resolved": "https://registry.npmjs.org/ansi-colors/-/ansi-colors-3.2.1.tgz",
      "integrity": "sha512-Xt+zb6nqgvV9SWAVp0EG3lRsHcbq5DDgqjPPz6pwgtj6RKz65zGXMNa82oJfOSBA/to6GmRP7Dr+6o+kbApTzQ==",
      "dev": true
    },
    "commander": {
      "version": "2.19.0",
      "resolved": "https://registry.npmjs.org/commander/-/commander-2.19.0.tgz",
      "integrity": "sha512-6tvAOO+D6OENvRAh524Dh9jcfKTYDQAqvqezbCW82xj5X0pSrcpxtvRKHLG0yBY6SD7PSDrJaj+0AiOcKVd1Xg==",
      "dev": true
    },
    "es4x-cli": {
      "version": "0.0.2",
      "resolved": "https://registry.npmjs.org/es4x-cli/-/es4x-cli-0.0.2.tgz",
      "integrity": "sha512-k7vGvo+ERddpZkZjFHJtYTvRUlWfPPB+J67Nk0iYzKb4d7zDqj+vb6TKqdZw7eMxytkjQAbvwyKYWMA3lc/7LQ==",
      "dev": true,
      "requires": {
        "ansi-colors": "^3.1.0",
        "commander": "^2.18.0",
        "mkdirp": "^0.5.1",
        "mustache": "^3.0.0"
      }
    },
    "graphql": {
      "version": "14.0.2",
      "resolved": "https://registry.npmjs.org/graphql/-/graphql-14.0.2.tgz",
      "integrity": "sha512-gUC4YYsaiSJT1h40krG3J+USGlwhzNTXSb4IOZljn9ag5Tj+RkoXrWp+Kh7WyE3t1NCfab5kzCuxBIvOMERMXw==",
      "requires": {
        "iterall": "^1.2.2"
      }
    },
    "iterall": {
      "version": "1.2.2",
      "resolved": "https://registry.npmjs.org/iterall/-/iterall-1.2.2.tgz",
      "integrity": "sha512-yynBb1g+RFUPY64fTrFv7nsjRrENBQJaX2UL+2Szc9REFrSNm1rpSXHGzhmAy7a9uv3vlvgBlXnf9RqmPH1/DA=="
    },
    "minimist": {
      "version": "0.0.8",
      "resolved": "http://registry.npmjs.org/minimist/-/minimist-0.0.8.tgz",
      "integrity": "sha1-hX/Kv8M5fSYluCKCYuhqp6ARsF0=",
      "dev": true
    },
    "mkdirp": {
      "version": "0.5.1",
      "resolved": "http://registry.npmjs.org/mkdirp/-/mkdirp-0.5.1.tgz",
      "integrity": "sha1-MAV0OOrGz3+MR2fzhkjWaX11yQM=",
      "dev": true,
      "requires": {
        "minimist": "0.0.8"
      }
    },
    "mustache": {
      "version": "3.0.0",
      "resolved": "https://registry.npmjs.org/mustache/-/mustache-3.0.0.tgz",
      "integrity": "sha512-bhBDkK/PioIbtQzRIbGUGypvc3MC4c389QnJt8KDIEJ666OidRPoXAQAHPivikfS3JkMEaWoPvcDL7YrQxtSwg==",
      "dev": true
    }
  }
}
