# THIS IS AN AUTOGENERATED FILE. DO NOT EDIT THIS FILE DIRECTLY.
# yarn lockfile v1


"@vertx/auth-common@3.6.2":
  version "3.6.2"
  resolved "https://registry.yarnpkg.com/@vertx/auth-common/-/auth-common-3.6.2.tgz#0e9a27008697799e8d4599279b5b549a915e3f3a"
  integrity sha512-UuwdHfe/yPlpgOKaoiQRbPJ8QfpclddJDrpAFKY6+COP0bYw4/U3K/LwzThQEG1gh1KVC8ZKEE+RCLG7CVbujw==
  dependencies:
    "@vertx/core" "3.6.2"

"@vertx/bridge-common@3.6.2":
  version "3.6.2"
  resolved "https://registry.yarnpkg.com/@vertx/bridge-common/-/bridge-common-3.6.2.tgz#28bcad37c31b735ef41a960a69f902efcaaea768"
  integrity sha512-vb/rN4S1kOZdooHuWSuDMUpMkJDFt9S5fNkdlKpVy69o9woMkneRlpC3SlMNOFZ4czy6QRgKgzA40jYUXq6MkQ==
  dependencies:
    "@vertx/core" "3.6.2"

"@vertx/core@3.6.2", "@vertx/core@^3.6.2":
  version "3.6.2"
  resolved "https://registry.yarnpkg.com/@vertx/core/-/core-3.6.2.tgz#0afca8494170dd55666f13caf8e7270a890e443d"
  integrity sha512-aLXOuwdigX4OxpwNJkA1zf7SJnavHSuvnhm7GD1W83QK1dLkKUE1SKFrSyWvPC75OtLqoiRtvfVVmJT9EQrr4A==

"@vertx/unit@^3.6.2":
  version "3.6.2"
  resolved "https://registry.yarnpkg.com/@vertx/unit/-/unit-3.6.2.tgz#7b3318b35fb46031e0f41eb5aec8a8f5ff4e4373"
  integrity sha512-8cE3GJnjT7sEcAkXW0NXDuWAqi8+6pQw6ffDOEM88CAa/ZxuEO/lCuCfhtlntskqafMKmDXqpWYdSdTG6Udh4w==
  dependencies:
    "@vertx/core" "3.6.2"

"@vertx/web-common@3.6.2":
  version "3.6.2"
  resolved "https://registry.yarnpkg.com/@vertx/web-common/-/web-common-3.6.2.tgz#a9e8c0e4cab2efca0a1d47dead92deac3f9a46cc"
  integrity sha512-Yhx75rnAQpH87qKmlDjFWA2AFnPmHrMBv+2boEehjIH+VAQByTs1qk+EUjQAGBdZQFfIldqJYw/BTalvADH6HQ==
  dependencies:
    "@vertx/core" "3.6.2"

"@vertx/web@^3.6.2":
  version "3.6.2"
  resolved "https://registry.yarnpkg.com/@vertx/web/-/web-3.6.2.tgz#49a31db3a045484937ff6f22e3a66725dd884fcb"
  integrity sha512-pBYFbX/clipmry3LfdwmOs9vqhogQ1GNVtLwkP74Okhq2+HSmEmFM+VsT2he0gxJ3mgMXEX0fd2llWF5dchAjA==
  dependencies:
    "@vertx/auth-common" "3.6.2"
    "@vertx/bridge-common" "3.6.2"
    "@vertx/core" "3.6.2"
    "@vertx/web-common" "3.6.2"

ansi-colors@^3.2.1:
  version "3.2.3"
  resolved "https://registry.yarnpkg.com/ansi-colors/-/ansi-colors-3.2.3.tgz#57d35b8686e851e2cc04c403f1c00203976a1813"
  integrity sha512-LEHHyuhlPY3TmuUYMh2oz89lTShfvgbmzaBcxve9t/9Wuy7Dwf4yoAKcND7KFT1HAQfqZ12qtc+DUrBMeKF9nw==

commander@^2.19.0:
  version "2.19.0"
  resolved "https://registry.yarnpkg.com/commander/-/commander-2.19.0.tgz#f6198aa84e5b83c46054b94ddedbfed5ee9ff12a"
  integrity sha512-6tvAOO+D6OENvRAh524Dh9jcfKTYDQAqvqezbCW82xj5X0pSrcpxtvRKHLG0yBY6SD7PSDrJaj+0AiOcKVd1Xg==

es4x-cli@^0.1.1:
  version "0.1.1"
  resolved "https://registry.yarnpkg.com/es4x-cli/-/es4x-cli-0.1.1.tgz#e505d3b1dc35cfa9767e06a82f043dbfee0838fb"
  integrity sha512-M0w48KnUscLPrBLVzgAmUeC4N7KRZcX1Cn38/cJhLtkUG9q9bEXTdBFjOFCz7b6EQII1gF6FpiB/X+l0PdlZMw==
  dependencies:
    ansi-colors "^3.2.1"
    commander "^2.19.0"
    mustache "^3.0.1"

exec-sh@^0.2.0:
  version "0.2.2"
  resolved "https://registry.yarnpkg.com/exec-sh/-/exec-sh-0.2.2.tgz#2a5e7ffcbd7d0ba2755bdecb16e5a427dfbdec36"
  integrity sha512-FIUCJz1RbuS0FKTdaAafAByGS0CPvU3R0MeHxgtl+djzCc//F8HakL8GzmVNZanasTbTAY/3DRFA0KpVqj/eAw==
  dependencies:
    merge "^1.2.0"

graphql@^14.0.2:
  version "14.0.2"
  resolved "https://registry.yarnpkg.com/graphql/-/graphql-14.0.2.tgz#7dded337a4c3fd2d075692323384034b357f5650"
  integrity sha512-gUC4YYsaiSJT1h40krG3J+USGlwhzNTXSb4IOZljn9ag5Tj+RkoXrWp+Kh7WyE3t1NCfab5kzCuxBIvOMERMXw==
  dependencies:
    iterall "^1.2.2"

iterall@^1.2.2:
  version "1.2.2"
  resolved "https://registry.yarnpkg.com/iterall/-/iterall-1.2.2.tgz#92d70deb8028e0c39ff3164fdbf4d8b088130cd7"
  integrity sha512-yynBb1g+RFUPY64fTrFv7nsjRrENBQJaX2UL+2Szc9REFrSNm1rpSXHGzhmAy7a9uv3vlvgBlXnf9RqmPH1/DA==

merge@^1.2.0:
  version "1.2.1"
  resolved "https://registry.yarnpkg.com/merge/-/merge-1.2.1.tgz#38bebf80c3220a8a487b6fcfb3941bb11720c145"
  integrity sha512-VjFo4P5Whtj4vsLzsYBu5ayHhoHJ0UqNm7ibvShmbmoz7tGi0vXaoJbGdB+GmDMLUdg8DpQXEIeVDAe8MaABvQ==

minimist@^1.2.0:
  version "1.2.0"
  resolved "https://registry.yarnpkg.com/minimist/-/minimist-1.2.0.tgz#a35008b20f41383eec1fb914f4cd5df79a264284"
  integrity sha1-o1AIsg9BOD7sH7kU9M1d95omQoQ=

mustache@^3.0.1:
  version "3.0.1"
  resolved "https://registry.yarnpkg.com/mustache/-/mustache-3.0.1.tgz#873855f23aa8a95b150fb96d9836edbc5a1d248a"
  integrity sha512-jFI/4UVRsRYdUbuDTKT7KzfOp7FiD5WzYmmwNwXyUVypC0xjoTL78Fqc0jHUPIvvGD+6DQSPHIt1NE7D1ArsqA==

querystring@^0.2.0:
  version "0.2.0"
  resolved "https://registry.yarnpkg.com/querystring/-/querystring-0.2.0.tgz#b209849203bb25df820da756e747005878521620"
  integrity sha1-sgmEkgO7Jd+CDadW50cAWHhSFiA=

vertx-graphql@^1.0.3:
  version "1.0.3"
  resolved "https://registry.yarnpkg.com/vertx-graphql/-/vertx-graphql-1.0.3.tgz#68008d2780e5405e42b65eff713d43b2e8010e71"
  integrity sha512-bCPrOeDU4Nghra8C/mqOX0r3ctQa+OlZwhA8Xbz9WuIxvbRThA63S3+v+rwxuu0pPwBQZushaaDwToUOFv7g4Q==

watch@^1.0.2:
  version "1.0.2"
  resolved "https://registry.yarnpkg.com/watch/-/watch-1.0.2.tgz#340a717bde765726fa0aa07d721e0147a551df0c"
  integrity sha1-NApxe952Vyb6CqB9ch4BR6VR3ww=
  dependencies:
    exec-sh "^0.2.0"
    minimist "^1.2.0"
