# THIS IS AN AUTOGENERATED FILE. DO NOT EDIT THIS FILE DIRECTLY.
# yarn lockfile v1


"@vertx/auth-common@3.6.3":
  version "3.6.3"
  resolved "https://registry.yarnpkg.com/@vertx/auth-common/-/auth-common-3.6.3.tgz#9891929ebaf3f5c2f4e0eefbaa4a4a5bdd73683d"
  integrity sha512-3AeTZ3C2AAwpRnUnUt6yjrHewbaW16gwW1jLz+TmLSRw7JvHkoIfAS4QefIiSYpBt2jwpk/XP8Rn+Q7lbgXo4A==
  dependencies:
    "@vertx/core" "3.6.3"

"@vertx/bridge-common@3.6.3":
  version "3.6.3"
  resolved "https://registry.yarnpkg.com/@vertx/bridge-common/-/bridge-common-3.6.3.tgz#e63cbf53f51ef98e2c4f0eadb9c0a28b0a728b40"
  integrity sha512-n4zJT82iQntT9jyqRZvacYV9yMOtn3skL2OO6SJmY54Ef8ZuMug2DzMo2RarieOBz9avSQzELEstYuEOF5RR9w==
  dependencies:
    "@vertx/core" "3.6.3"

"@vertx/core@3.6.3", "@vertx/core@^3.6.3":
  version "3.6.3"
  resolved "https://registry.yarnpkg.com/@vertx/core/-/core-3.6.3.tgz#ede42fd3a9d07cd0ffb2b2fe80626e00a68f4319"
  integrity sha512-CrcGzze8aGWKXsATjqW97cKMr7Jl2Qcgf99am8D6UwxqDm5mmLMrI7DL04Wy1dCvUHZmLyGt2P7B0nDxgEAGvw==

"@vertx/unit@^3.6.3":
  version "3.6.3"
  resolved "https://registry.yarnpkg.com/@vertx/unit/-/unit-3.6.3.tgz#d920d7895f9c119fc471947a9db854cfd9a80356"
  integrity sha512-p3zpF9HfZHlq8jzFU1lHbnB9RNa739MVHDUzD5IpKCh8X6hc6genn9Lqb5tOSsUPOhK6vPgd4tsqBmaq1Mmxcw==
  dependencies:
    "@vertx/core" "3.6.3"

"@vertx/web-common@3.6.3":
  version "3.6.3"
  resolved "https://registry.yarnpkg.com/@vertx/web-common/-/web-common-3.6.3.tgz#3195afdf99f795ab8dd05c7ff4a755af33559f7b"
  integrity sha512-UxGRyzj9T88+KR3jv8Hs4aU8e+Onw5Ue9aULF7RhwIWmIPtTTg7DMCHbgkd3juBVFb0HgqIc5ZATk/ykMQvKYg==
  dependencies:
    "@vertx/core" "3.6.3"

"@vertx/web@^3.6.3":
  version "3.6.3"
  resolved "https://registry.yarnpkg.com/@vertx/web/-/web-3.6.3.tgz#e667770334c5e07198aa637949433049dbf668b0"
  integrity sha512-EnBdlSyGm2toPYZ85DEnajpzRHoJKcJTA9xXfzleKyvMwcCV9A1biDoovPBYQL/fszaai0WbTNsS72zS1ZMaVQ==
  dependencies:
    "@vertx/auth-common" "3.6.3"
    "@vertx/bridge-common" "3.6.3"
    "@vertx/core" "3.6.3"
    "@vertx/web-common" "3.6.3"

graphql@^14.1.1:
  version "14.1.1"
  resolved "https://registry.yarnpkg.com/graphql/-/graphql-14.1.1.tgz#d5d77df4b19ef41538d7215d1e7a28834619fac0"
  integrity sha512-C5zDzLqvfPAgTtP8AUPIt9keDabrdRAqSWjj2OPRKrKxI9Fb65I36s1uCs1UUBFnSWTdO7hyHi7z1ZbwKMKF6Q==
  dependencies:
    iterall "^1.2.2"

iterall@^1.2.2:
  version "1.2.2"
  resolved "https://registry.yarnpkg.com/iterall/-/iterall-1.2.2.tgz#92d70deb8028e0c39ff3164fdbf4d8b088130cd7"
  integrity sha512-yynBb1g+RFUPY64fTrFv7nsjRrENBQJaX2UL+2Szc9REFrSNm1rpSXHGzhmAy7a9uv3vlvgBlXnf9RqmPH1/DA==

querystring@^0.2.0:
  version "0.2.0"
  resolved "https://registry.yarnpkg.com/querystring/-/querystring-0.2.0.tgz#b209849203bb25df820da756e747005878521620"
  integrity sha1-sgmEkgO7Jd+CDadW50cAWHhSFiA=
